# Generated by conda-lock.
# platform: linux-64
# input_hash: ebf2016d5545692d35db8b69f4df68693c2fc8759e408ded8c928ee50a5dc0a2
@EXPLICIT
https://conda.anaconda.org/conda-forge/linux-64/_libgcc_mutex-0.1-conda_forge.tar.bz2#d7c89558ba9fa0495403155b64376d81
https://conda.anaconda.org/conda-forge/linux-64/ca-certificates-2024.2.2-hbcca054_0.conda#2f4327a1cbe7f022401b236e915a5fef
https://conda.anaconda.org/conda-forge/linux-64/ld_impl_linux-64-2.40-h55db66e_0.conda#10569984e7db886e4f1abc2b47ad79a1
https://conda.anaconda.org/conda-forge/linux-64/libstdcxx-ng-13.2.0-hc0a3c3a_7.conda#53ebd4c833fa01cb2c6353e99f905406
https://conda.anaconda.org/conda-forge/noarch/nomkl-1.0-h5ca1d4c_0.tar.bz2#9a66894dfd07c4510beb6b3f9672ccc0
https://conda.anaconda.org/conda-forge/linux-64/python_abi-3.11-4_cp311.conda#d786502c97404c94d7d58d258a445a65
https://conda.anaconda.org/conda-forge/noarch/tzdata-2024a-h0c530f3_0.conda#161081fc7cec0bfda0d86d7cb595f8d8
https://conda.anaconda.org/conda-forge/linux-64/libgomp-13.2.0-h77fa898_7.conda#abf3fec87c2563697defa759dec3d639
https://conda.anaconda.org/conda-forge/linux-64/_openmp_mutex-4.5-2_gnu.tar.bz2#73aaf86a425cc6e73fcf236a5a46396d
https://conda.anaconda.org/conda-forge/linux-64/libgcc-ng-13.2.0-h77fa898_7.conda#72ec1b1b04c4d15d4204ece1ecea5978
https://conda.anaconda.org/conda-forge/linux-64/bzip2-1.0.8-hd590300_5.conda#69b8b6202a07720f448be700e300ccf4
https://conda.anaconda.org/conda-forge/linux-64/libexpat-2.6.2-h59595ed_0.conda#e7ba12deb7020dd080c6c70e7b6f6a3d
https://conda.anaconda.org/conda-forge/linux-64/libffi-3.4.2-h7f98852_5.tar.bz2#d645c6d2ac96843a2bfaccd2d62b3ac3
https://conda.anaconda.org/conda-forge/linux-64/libgfortran5-13.2.0-hca663fb_7.conda#c0bd771f09a326fdcd95a60b617795bf
https://conda.anaconda.org/conda-forge/linux-64/libiconv-1.17-hd590300_2.conda#d66573916ffcf376178462f1b61c941e
https://conda.anaconda.org/conda-forge/linux-64/libnsl-2.0.1-hd590300_0.conda#30fd6e37fe21f86f4bd26d6ee73eeec7
https://conda.anaconda.org/conda-forge/linux-64/libuuid-2.38.1-h0b41bf4_0.conda#40b61aab5c7ba9ff276c41cfffe6b80b
https://conda.anaconda.org/conda-forge/linux-64/libxcrypt-4.4.36-hd590300_1.conda#5aa797f8787fe7a17d1b0821485b5adc
https://conda.anaconda.org/conda-forge/linux-64/libzlib-1.2.13-hd590300_5.conda#f36c115f1ee199da648e0597ec2047ad
https://conda.anaconda.org/conda-forge/linux-64/ncurses-6.5-h59595ed_0.conda#fcea371545eda051b6deafb24889fc69
https://conda.anaconda.org/conda-forge/linux-64/openssl-3.3.0-hd590300_0.conda#c0f3abb4a16477208bbd43a39bd56f18
https://conda.anaconda.org/conda-forge/linux-64/xz-5.2.6-h166bdaf_0.tar.bz2#2161070d867d1b1204ea749c8eec4ef0
https://conda.anaconda.org/conda-forge/linux-64/expat-2.6.2-h59595ed_0.conda#53fb86322bdb89496d7579fe3f02fd61
https://conda.anaconda.org/conda-forge/linux-64/libgfortran-ng-13.2.0-h69a702a_7.conda#1b84f26d9f4f6026e179e7805d5a15cd
https://conda.anaconda.org/conda-forge/linux-64/libsqlite-3.45.3-h2797004_0.conda#b3316cbe90249da4f8e84cd66e1cc55b
https://conda.anaconda.org/conda-forge/linux-64/pcre2-10.43-hcad00b1_0.conda#8292dea9e022d9610a11fce5e0896ed8
https://conda.anaconda.org/conda-forge/linux-64/readline-8.2-h8228510_1.conda#47d31b792659ce70f470b5c82fdfb7a4
https://conda.anaconda.org/conda-forge/linux-64/tk-8.6.13-noxft_h4845f30_101.conda#d453b98d9c83e71da0741bb0ff4d76bc
https://conda.anaconda.org/conda-forge/linux-64/libglib-2.80.2-hf974151_0.conda#72724f6a78ecb15559396966226d5838
https://conda.anaconda.org/conda-forge/linux-64/libopenblas-0.3.27-pthreads_h413a1c8_0.conda#a356024784da6dfd4683dc5ecf45b155
https://conda.anaconda.org/conda-forge/linux-64/python-3.11.9-hb806964_0_cpython.conda#ac68acfa8b558ed406c75e98d3428d7b
https://conda.anaconda.org/conda-forge/linux-64/brotli-python-1.1.0-py311hb755f60_1.conda#cce9e7c3f1c307f2a5fb08a2922d6164
https://conda.anaconda.org/conda-forge/noarch/certifi-2024.2.2-pyhd8ed1ab_0.conda#0876280e409658fc6f9e75d035960333
https://conda.anaconda.org/conda-forge/noarch/charset-normalizer-3.3.2-pyhd8ed1ab_0.conda#7f4a9e3fcff3f6356ae99244a014da6a
https://conda.anaconda.org/conda-forge/noarch/colorama-0.4.6-pyhd8ed1ab_0.tar.bz2#3faab06a954c2a04039983f2c4a50d99
https://conda.anaconda.org/conda-forge/noarch/crashtest-0.4.1-pyhd8ed1ab_0.tar.bz2#709a2295dd907bb34afb57d54320642f
https://conda.anaconda.org/conda-forge/linux-64/dbus-1.13.6-h5008d03_3.tar.bz2#ecfff944ba3960ecb334b9a2663d708d
https://conda.anaconda.org/conda-forge/noarch/distlib-0.3.8-pyhd8ed1ab_0.conda#db16c66b759a64dc5183d69cc3745a52
https://conda.anaconda.org/conda-forge/noarch/filelock-3.14.0-pyhd8ed1ab_0.conda#831d85ae0acfba31b8efd0f0d07da736
https://conda.anaconda.org/conda-forge/noarch/idna-3.7-pyhd8ed1ab_0.conda#c0cc1420498b17414d8617d0b9f506ca
https://conda.anaconda.org/conda-forge/noarch/jeepney-0.8.0-pyhd8ed1ab_0.tar.bz2#9800ad1699b42612478755a2d26c722d
https://conda.anaconda.org/conda-forge/linux-64/libblas-3.9.0-22_linux64_openblas.conda#1a2a0cd3153464fee6646f3dd6dad9b8
https://conda.anaconda.org/conda-forge/noarch/more-itertools-10.2.0-pyhd8ed1ab_0.conda#d5c98e9706fdc5328d49a9bf2ce5fb42
https://conda.anaconda.org/conda-forge/linux-64/msgpack-python-1.0.7-py311h9547e67_0.conda#3ac85c6c226e2a2e4b17864fc2ca88ff
https://conda.anaconda.org/conda-forge/noarch/packaging-24.0-pyhd8ed1ab_0.conda#248f521b64ce055e7feae3105e7abeb8
https://conda.anaconda.org/conda-forge/noarch/pkginfo-1.10.0-pyhd8ed1ab_0.conda#8c6a4a704308f5d91f3a974a72db1096
https://conda.anaconda.org/conda-forge/noarch/platformdirs-4.2.1-pyhd8ed1ab_0.conda#d478a8a3044cdff1aa6e62f9269cefe0
https://conda.anaconda.org/conda-forge/noarch/poetry-core-1.9.0-pyhd8ed1ab_0.conda#f9f26b837a81a128648353803950929e
https://conda.anaconda.org/conda-forge/noarch/ptyprocess-0.7.0-pyhd3deb0d_0.tar.bz2#359eeb6536da0e687af562ed265ec263
https://conda.anaconda.org/conda-forge/noarch/pycparser-2.22-pyhd8ed1ab_0.conda#844d9eb3b43095b031874477f7d70088
https://conda.anaconda.org/conda-forge/noarch/pysocks-1.7.1-pyha2e5f31_6.tar.bz2#2a7de29fb590ca14b5243c4c812c8025
https://conda.anaconda.org/conda-forge/noarch/python-fastjsonschema-2.19.1-pyhd8ed1ab_0.conda#4d3ceee3af4b0f9a1f48f57176bf8625
https://conda.anaconda.org/conda-forge/noarch/python-installer-0.7.0-pyhd8ed1ab_0.conda#65dea78f903d686c8b0c2feaf0e15e1f
https://conda.anaconda.org/conda-forge/noarch/setuptools-69.5.1-pyhd8ed1ab_0.conda#7462280d81f639363e6e63c81276bd9e
https://conda.anaconda.org/conda-forge/noarch/shellingham-1.5.4-pyhd8ed1ab_0.conda#d08db09a552699ee9e7eec56b4eb3899
https://conda.anaconda.org/conda-forge/noarch/tomli-2.0.1-pyhd8ed1ab_0.tar.bz2#5844808ffab9ebdb694585b50ba02a96
https://conda.anaconda.org/conda-forge/noarch/tomlkit-0.12.5-pyha770c72_0.conda#e5dde5caf905e9d95895e05f94967e14
https://conda.anaconda.org/conda-forge/noarch/trove-classifiers-2024.4.10-pyhd8ed1ab_0.conda#9622d541e2314c0207bebdc0359fa478
https://conda.anaconda.org/conda-forge/noarch/wheel-0.43.0-pyhd8ed1ab_1.conda#0b5293a157c2b5cd513dd1b03d8d3aae
https://conda.anaconda.org/conda-forge/noarch/zipp-3.17.0-pyhd8ed1ab_0.conda#2e4d6bc0b14e10f895fc6791a7d9b26a
https://conda.anaconda.org/conda-forge/linux-64/cffi-1.16.0-py311hb3a22ac_0.conda#b3469563ac5e808b0cd92810d0697043
https://conda.anaconda.org/conda-forge/noarch/importlib-metadata-7.1.0-pyha770c72_0.conda#0896606848b2dc5cebdf111b6543aa04
https://conda.anaconda.org/conda-forge/noarch/jaraco.classes-3.4.0-pyhd8ed1ab_1.conda#7b756504d362cbad9b73a50a5455cafd
https://conda.anaconda.org/conda-forge/linux-64/libcblas-3.9.0-22_linux64_openblas.conda#4b31699e0ec5de64d5896e580389c9a1
https://conda.anaconda.org/conda-forge/linux-64/liblapack-3.9.0-22_linux64_openblas.conda#b083767b6c877e24ee597d93b87ab838
https://conda.anaconda.org/conda-forge/noarch/pexpect-4.9.0-pyhd8ed1ab_0.conda#629f3203c99b32e0988910c93e77f3b6
https://conda.anaconda.org/conda-forge/noarch/pip-24.0-pyhd8ed1ab_0.conda#f586ac1e56c8638b64f9c8122a7b8a67
https://conda.anaconda.org/conda-forge/noarch/pyproject_hooks-1.1.0-pyhd8ed1ab_0.conda#03736d8ced74deece64e54be348ddd3e
https://conda.anaconda.org/conda-forge/noarch/urllib3-2.2.1-pyhd8ed1ab_0.conda#08807a87fa7af10754d46f63b368e016
https://conda.anaconda.org/conda-forge/noarch/virtualenv-20.26.1-pyhd8ed1ab_0.conda#4e1cd2faf006a6e62c148f95cef0cac2
https://conda.anaconda.org/conda-forge/linux-64/cryptography-42.0.7-py311h4a61cc7_0.conda#251f3a7b306a8b212d42d585b3d06f36
https://conda.anaconda.org/conda-forge/linux-64/dulwich-0.21.7-py311h459d7ec_0.conda#a50b0c00b7498cfde328e63a3e18d9d3
https://conda.anaconda.org/conda-forge/noarch/importlib_metadata-7.1.0-hd8ed1ab_0.conda#6ef2b72d291b39e479d7694efa2b2b98
https://conda.anaconda.org/conda-forge/linux-64/numpy-1.26.4-py311h64a7726_0.conda#a502d7aad449a1206efb366d6a12c52d
https://conda.anaconda.org/conda-forge/noarch/python-build-1.2.1-pyhd8ed1ab_0.conda#d657cde3b3943fcedf6038138eea84de
https://conda.anaconda.org/conda-forge/noarch/requests-2.31.0-pyhd8ed1ab_0.conda#a30144e4156cdbb236f99ebb49828f8b
https://conda.anaconda.org/conda-forge/noarch/cachecontrol-0.14.0-pyhd8ed1ab_0.conda#a661c39e223bf3038b38126b0bbf43d9
https://conda.anaconda.org/conda-forge/linux-64/rapidfuzz-3.9.0-py311h4332511_0.conda#ce16df66416cbb49fe446509828643ae
https://conda.anaconda.org/conda-forge/noarch/requests-toolbelt-1.0.0-pyhd8ed1ab_0.conda#99c98318c8646b08cc764f90ce98906e
https://conda.anaconda.org/conda-forge/linux-64/secretstorage-3.3.3-py311h38be061_2.conda#30a57eaa8e72cb0c2c84d6d7db32010c
https://conda.anaconda.org/conda-forge/noarch/cachecontrol-with-filecache-0.14.0-pyhd8ed1ab_0.conda#4c08fa6e7d1d3f124ad815e21b2210e9
https://conda.anaconda.org/conda-forge/noarch/cleo-2.1.0-pyhd8ed1ab_0.conda#69569ea8a6d1465193345a40421d138b
https://conda.anaconda.org/conda-forge/linux-64/keyring-24.3.1-py311h38be061_0.conda#0cd643c771fd81eec082cca79e52e08f
https://conda.anaconda.org/conda-forge/noarch/poetry-1.8.3-linux_pyha804496_1.conda#022096679c2d4af6fc27f4a8f9eaecd6
https://conda.anaconda.org/conda-forge/noarch/poetry-plugin-export-1.8.0-pyhd8ed1ab_0.conda#9435d439db818300e34b28eb6ac324ba
